// !$*UTF8*$!
{
	archiveVersion = 1;
	classes = {
	};
	objectVersion = 46;
	objects = {

/* Begin PBXBuildFile section */
		B4D63F131AA91A330048E3CC /* AppDelegate.swift in Sources */ = {isa = PBXBuildFile; fileRef = B4D63F121AA91A330048E3CC /* AppDelegate.swift */; };
		B4D63F151AA91A330048E3CC /* ViewController.swift in Sources */ = {isa = PBXBuildFile; fileRef = B4D63F141AA91A330048E3CC /* ViewController.swift */; };
		B4D63F181AA91A330048E3CC /* Main.storyboard in Resources */ = {isa = PBXBuildFile; fileRef = B4D63F161AA91A330048E3CC /* Main.storyboard */; };
		B4D63F1A1AA91A330048E3CC /* Images.xcassets in Resources */ = {isa = PBXBuildFile; fileRef = B4D63F191AA91A330048E3CC /* Images.xcassets */; };
		B4D63F1D1AA91A330048E3CC /* LaunchScreen.xib in Resources */ = {isa = PBXBuildFile; fileRef = B4D63F1B1AA91A330048E3CC /* LaunchScreen.xib */; };
		B4D63F291AA91A330048E3CC /* Play_WorkTests.swift in Sources */ = {isa = PBXBuildFile; fileRef = B4D63F281AA91A330048E3CC /* Play_WorkTests.swift */; };
/* End PBXBuildFile section */

/* Begin PBXContainerItemProxy section */
		B4D63F231AA91A330048E3CC /* PBXContainerItemProxy */ = {
			isa = PBXContainerItemProxy;
			containerPortal = B4D63F051AA91A330048E3CC /* Project object */;
			proxyType = 1;
			remoteGlobalIDString = B4D63F0C1AA91A330048E3CC;
			remoteInfo = "Play&Work";
		};
/* End PBXContainerItemProxy section */

/* Begin PBXFileReference section */
		B4D63F0D1AA91A330048E3CC /* Play&Work.app */ = {isa = PBXFileReference; explicitFileType = wrapper.application; includeInIndex = 0; path = "Play&Work.app"; sourceTree = BUILT_PRODUCTS_DIR; };
		B4D63F111AA91A330048E3CC /* Info.plist */ = {isa = PBXFileReference; lastKnownFileType = text.plist.xml; path = Info.plist; sourceTree = "<group>"; };
		B4D63F121AA91A330048E3CC /* AppDelegate.swift */ = {isa = PBXFileReference; lastKnownFileType = sourcecode.swift; path = AppDelegate.swift; sourceTree = "<group>"; };
		B4D63F141AA91A330048E3CC /* ViewController.swift */ = {isa = PBXFileReference; lastKnownFileType = sourcecode.swift; path = ViewController.swift; sourceTree = "<group>"; };
		B4D63F171AA91A330048E3CC /* Base */ = {isa = PBXFileReference; lastKnownFileType = file.storyboard; name = Base; path = Base.lproj/Main.storyboard; sourceTree = "<group>"; };
		B4D63F191AA91A330048E3CC /* Images.xcassets */ = {isa = PBXFileReference; lastKnownFileType = folder.assetcatalog; path = Images.xcassets; sourceTree = "<group>"; };
		B4D63F1C1AA91A330048E3CC /* Base */ = {isa = PBXFileReference; lastKnownFileType = file.xib; name = Base; path = Base.lproj/LaunchScreen.xib; sourceTree = "<group>"; };
		B4D63F221AA91A330048E3CC /* Play&WorkTests.xctest */ = {isa = PBXFileReference; explicitFileType = wrapper.cfbundle; includeInIndex = 0; path = "Play&WorkTests.xctest"; sourceTree = BUILT_PRODUCTS_DIR; };
		B4D63F271AA91A330048E3CC /* Info.plist */ = {isa = PBXFileReference; lastKnownFileType = text.plist.xml; path = Info.plist; sourceTree = "<group>"; };
		B4D63F281AA91A330048E3CC /* Play_WorkTests.swift */ = {isa = PBXFileReference; lastKnownFileType = sourcecode.swift; path = Play_WorkTests.swift; sourceTree = "<group>"; };
/* End PBXFileReference section */

/* Begin PBXFrameworksBuildPhase section */
		B4D63F0A1AA91A330048E3CC /* Frameworks */ = {
			isa = PBXFrameworksBuildPhase;
			buildActionMask = 2147483647;
			files = (
			);
			runOnlyForDeploymentPostprocessing = 0;
		};
		B4D63F1F1AA91A330048E3CC /* Frameworks */ = {
			isa = PBXFrameworksBuildPhase;
			buildActionMask = 2147483647;
			files = (
			);
			runOnlyForDeploymentPostprocessing = 0;
		};
/* End PBXFrameworksBuildPhase section */

/* Begin PBXGroup section */
		B4D63F041AA91A330048E3CC = {
			isa = PBXGroup;
			children = (
				B4D63F0F1AA91A330048E3CC /* Play&Work */,
				B4D63F251AA91A330048E3CC /* Play&WorkTests */,
				B4D63F0E1AA91A330048E3CC /* Products */,
			);
			sourceTree = "<group>";
		};
		B4D63F0E1AA91A330048E3CC /* Products */ = {
			isa = PBXGroup;
			children = (
				B4D63F0D1AA91A330048E3CC /* Play&Work.app */,
				B4D63F221AA91A330048E3CC /* Play&WorkTests.xctest */,
			);
			name = Products;
			sourceTree = "<group>";
		};
		B4D63F0F1AA91A330048E3CC /* Play&Work */ = {
			isa = PBXGroup;
			children = (
				B4D63F121AA91A330048E3CC /* AppDelegate.swift */,
				B4D63F141AA91A330048E3CC /* ViewController.swift */,
				B4D63F161AA91A330048E3CC /* Main.storyboard */,
				B4D63F191AA91A330048E3CC /* Images.xcassets */,
				B4D63F1B1AA91A330048E3CC /* LaunchScreen.xib */,
				B4D63F101AA91A330048E3CC /* Supporting Files */,
			);
			path = "Play&Work";
			sourceTree = "<group>";
		};
		B4D63F101AA91A330048E3CC /* Supporting Files */ = {
			isa = PBXGroup;
			children = (
				B4D63F111AA91A330048E3CC /* Info.plist */,
			);
			name = "Supporting Files";
			sourceTree = "<group>";
		};
		B4D63F251AA91A330048E3CC /* Play&WorkTests */ = {
			isa = PBXGroup;
			children = (
				B4D63F281AA91A330048E3CC /* Play_WorkTests.swift */,
				B4D63F261AA91A330048E3CC /* Supporting Files */,
			);
			path = "Play&WorkTests";
			sourceTree = "<group>";
		};
		B4D63F261AA91A330048E3CC /* Supporting Files */ = {
			isa = PBXGroup;
			children = (
				B4D63F271AA91A330048E3CC /* Info.plist */,
			);
			name = "Supporting Files";
			sourceTree = "<group>";
		};
/* End PBXGroup section */

/* Begin PBXNativeTarget section */
		B4D63F0C1AA91A330048E3CC /* Play&Work */ = {
			isa = PBXNativeTarget;
			buildConfigurationList = B4D63F2C1AA91A330048E3CC /* Build configuration list for PBXNativeTarget "Play&Work" */;
			buildPhases = (
				B4D63F091AA91A330048E3CC /* Sources */,
				B4D63F0A1AA91A330048E3CC /* Frameworks */,
				B4D63F0B1AA91A330048E3CC /* Resources */,
			);
			buildRules = (
			);
			dependencies = (
			);
			name = "Play&Work";
			productName = "Play&Work";
			productReference = B4D63F0D1AA91A330048E3CC /* Play&Work.app */;
			productType = "com.apple.product-type.application";
		};
		B4D63F211AA91A330048E3CC /* Play&WorkTests */ = {
			isa = PBXNativeTarget;
			buildConfigurationList = B4D63F2F1AA91A330048E3CC /* Build configuration list for PBXNativeTarget "Play&WorkTests" */;
			buildPhases = (
				B4D63F1E1AA91A330048E3CC /* Sources */,
				B4D63F1F1AA91A330048E3CC /* Frameworks */,
				B4D63F201AA91A330048E3CC /* Resources */,
			);
			buildRules = (
			);
			dependencies = (
				B4D63F241AA91A330048E3CC /* PBXTargetDependency */,
			);
			name = "Play&WorkTests";
			productName = "Play&WorkTests";
			productReference = B4D63F221AA91A330048E3CC /* Play&WorkTests.xctest */;
			productType = "com.apple.product-type.bundle.unit-test";
		};
/* End PBXNativeTarget section */

/* Begin PBXProject section */
		B4D63F051AA91A330048E3CC /* Project object */ = {
			isa = PBXProject;
			attributes = {
				LastUpgradeCheck = 0610;
				ORGANIZATIONNAME = "Jefferson Bonnaire";
				TargetAttributes = {
					B4D63F0C1AA91A330048E3CC = {
						CreatedOnToolsVersion = 6.1.1;
					};
					B4D63F211AA91A330048E3CC = {
						CreatedOnToolsVersion = 6.1.1;
						TestTargetID = B4D63F0C1AA91A330048E3CC;
					};
				};
			};
			buildConfigurationList = B4D63F081AA91A330048E3CC /* Build configuration list for PBXProject "Play&Work" */;
			compatibilityVersion = "Xcode 3.2";
			developmentRegion = English;
			hasScannedForEncodings = 0;
			knownRegions = (
				en,
				Base,
			);
			mainGroup = B4D63F041AA91A330048E3CC;
			productRefGroup = B4D63F0E1AA91A330048E3CC /* Products */;
			projectDirPath = "";
			projectRoot = "";
			targets = (
				B4D63F0C1AA91A330048E3CC /* Play&Work */,
				B4D63F211AA91A330048E3CC /* Play&WorkTests */,
			);
		};
/* End PBXProject section */

/* Begin PBXResourcesBuildPhase section */
		B4D63F0B1AA91A330048E3CC /* Resources */ = {
			isa = PBXResourcesBuildPhase;
			buildActionMask = 2147483647;
			files = (
				B4D63F181AA91A330048E3CC /* Main.storyboard in Resources */,
				B4D63F1D1AA91A330048E3CC /* LaunchScreen.xib in Resources */,
				B4D63F1A1AA91A330048E3CC /* Images.xcassets in Resources */,
			);
			runOnlyForDeploymentPostprocessing = 0;
		};
		B4D63F201AA91A330048E3CC /* Resources */ = {
			isa = PBXResourcesBuildPhase;
			buildActionMask = 2147483647;
			files = (
			);
			runOnlyForDeploymentPostprocessing = 0;
		};
/* End PBXResourcesBuildPhase section */

/* Begin PBXSourcesBuildPhase section */
		B4D63F091AA91A330048E3CC /* Sources */ = {
			isa = PBXSourcesBuildPhase;
			buildActionMask = 2147483647;
			files = (
				B4D63F151AA91A330048E3CC /* ViewController.swift in Sources */,
				B4D63F131AA91A330048E3CC /* AppDelegate.swift in Sources */,
			);
			runOnlyForDeploymentPostprocessing = 0;
		};
		B4D63F1E1AA91A330048E3CC /* Sources */ = {
			isa = PBXSourcesBuildPhase;
			buildActionMask = 2147483647;
			files = (
				B4D63F291AA91A330048E3CC /* Play_WorkTests.swift in Sources */,
			);
			runOnlyForDeploymentPostprocessing = 0;
		};
/* End PBXSourcesBuildPhase section */

/* Begin PBXTargetDependency section */
		B4D63F241AA91A330048E3CC /* PBXTargetDependency */ = {
			isa = PBXTargetDependency;
			target = B4D63F0C1AA91A330048E3CC /* Play&Work */;
			targetProxy = B4D63F231AA91A330048E3CC /* PBXContainerItemProxy */;
		};
/* End PBXTargetDependency section */

/* Begin PBXVariantGroup section */
		B4D63F161AA91A330048E3CC /* Main.storyboard */ = {
			isa = PBXVariantGroup;
			children = (
				B4D63F171AA91A330048E3CC /* Base */,
			);
			name = Main.storyboard;
			sourceTree = "<group>";
		};
		B4D63F1B1AA91A330048E3CC /* LaunchScreen.xib */ = {
			isa = PBXVariantGroup;
			children = (
				B4D63F1C1AA91A330048E3CC /* Base */,
			);
			name = LaunchScreen.xib;
			sourceTree = "<group>";
		};
/* End PBXVariantGroup section */

/* Begin XCBuildConfiguration section */
		B4D63F2A1AA91A330048E3CC /* Debug */ = {
			isa = XCBuildConfiguration;
			buildSettings = {
				ALWAYS_SEARCH_USER_PATHS = NO;
				CLANG_CXX_LANGUAGE_STANDARD = "gnu++0x";
				CLANG_CXX_LIBRARY = "libc++";
				CLANG_ENABLE_MODULES = YES;
				CLANG_ENABLE_OBJC_ARC = YES;
				CLANG_WARN_BOOL_CONVERSION = YES;
				CLANG_WARN_CONSTANT_CONVERSION = YES;
				CLANG_WARN_DIRECT_OBJC_ISA_USAGE = YES_ERROR;
				CLANG_WARN_EMPTY_BODY = YES;
				CLANG_WARN_ENUM_CONVERSION = YES;
				CLANG_WARN_INT_CONVERSION = YES;
				CLANG_WARN_OBJC_ROOT_CLASS = YES_ERROR;
				CLANG_WARN_UNREACHABLE_CODE = YES;
				CLANG_WARN__DUPLICATE_METHOD_MATCH = YES;
				"CODE_SIGN_IDENTITY[sdk=iphoneos*]" = "iPhone Developer";
				COPY_PHASE_STRIP = NO;
				ENABLE_STRICT_OBJC_MSGSEND = YES;
				GCC_C_LANGUAGE_STANDARD = gnu99;
				GCC_DYNAMIC_NO_PIC = NO;
				GCC_OPTIMIZATION_LEVEL = 0;
				GCC_PREPROCESSOR_DEFINITIONS = (
					"DEBUG=1",
					"$(inherited)",
				);
				GCC_SYMBOLS_PRIVATE_EXTERN = NO;
				GCC_WARN_64_TO_32_BIT_CONVERSION = YES;
				GCC_WARN_ABOUT_RETURN_TYPE = YES_ERROR;
				GCC_WARN_UNDECLARED_SELECTOR = YES;
				GCC_WARN_UNINITIALIZED_AUTOS = YES_AGGRESSIVE;
				GCC_WARN_UNUSED_FUNCTION = YES;
				GCC_WARN_UNUSED_VARIABLE = YES;
				IPHONEOS_DEPLOYMENT_TARGET = 8.1;
				MTL_ENABLE_DEBUG_INFO = YES;
				ONLY_ACTIVE_ARCH = YES;
				SDKROOT = iphoneos;
				SWIFT_OPTIMIZATION_LEVEL = "-Onone";
			};
			name = Debug;
		};
		B4D63F2B1AA91A330048E3CC /* Release */ = {
			isa = XCBuildConfiguration;
			buildSettings = {
				ALWAYS_SEARCH_USER_PATHS = NO;
				CLANG_CXX_LANGUAGE_STANDARD = "gnu++0x";
				CLANG_CXX_LIBRARY = "libc++";
				CLANG_ENABLE_MODULES = YES;
				CLANG_ENABLE_OBJC_ARC = YES;
				CLANG_WARN_BOOL_CONVERSION = YES;
				CLANG_WARN_CONSTANT_CONVERSION = YES;
				CLANG_WARN_DIRECT_OBJC_ISA_USAGE = YES_ERROR;
				CLANG_WARN_EMPTY_BODY = YES;
				CLANG_WARN_ENUM_CONVERSION = YES;
				CLANG_WARN_INT_CONVERSION = YES;
				CLANG_WARN_OBJC_ROOT_CLASS = YES_ERROR;
				CLANG_WARN_UNREACHABLE_CODE = YES;
				CLANG_WARN__DUPLICATE_METHOD_MATCH = YES;
				"CODE_SIGN_IDENTITY[sdk=iphoneos*]" = "iPhone Developer";
				COPY_PHASE_STRIP = YES;
				ENABLE_NS_ASSERTIONS = NO;
				ENABLE_STRICT_OBJC_MSGSEND = YES;
				GCC_C_LANGUAGE_STANDARD = gnu99;
				GCC_WARN_64_TO_32_BIT_CONVERSION = YES;
				GCC_WARN_ABOUT_RETURN_TYPE = YES_ERROR;
				GCC_WARN_UNDECLARED_SELECTOR = YES;
				GCC_WARN_UNINITIALIZED_AUTOS = YES_AGGRESSIVE;
				GCC_WARN_UNUSED_FUNCTION = YES;
				GCC_WARN_UNUSED_VARIABLE = YES;
				IPHONEOS_DEPLOYMENT_TARGET = 8.1;
				MTL_ENABLE_DEBUG_INFO = NO;
				SDKROOT = iphoneos;
				VALIDATE_PRODUCT = YES;
			};
			name = Release;
		};
		B4D63F2D1AA91A330048E3CC /* Debug */ = {
			isa = XCBuildConfiguration;
			buildSettings = {
				ASSETCATALOG_COMPILER_APPICON_NAME = AppIcon;
				INFOPLIST_FILE = "Play&Work/Info.plist";
				LD_RUNPATH_SEARCH_PATHS = "$(inherited) @executable_path/Frameworks";
				PRODUCT_NAME = "$(TARGET_NAME)";
			};
			name = Debug;
		};
		B4D63F2E1AA91A330048E3CC /* Release */ = {
			isa = XCBuildConfiguration;
			buildSettings = {
				ASSETCATALOG_COMPILER_APPICON_NAME = AppIcon;
				INFOPLIST_FILE = "Play&Work/Info.plist";
				LD_RUNPATH_SEARCH_PATHS = "$(inherited) @executable_path/Frameworks";
				PRODUCT_NAME = "$(TARGET_NAME)";
			};
			name = Release;
		};
		B4D63F301AA91A330048E3CC /* Debug */ = {
			isa = XCBuildConfiguration;
			buildSettings = {
				BUNDLE_LOADER = "$(TEST_HOST)";
				FRAMEWORK_SEARCH_PATHS = (
					"$(SDKROOT)/Developer/Library/Frameworks",
					"$(inherited)",
				);
				GCC_PREPROCESSOR_DEFINITIONS = (
					"DEBUG=1",
					"$(inherited)",
				);
				INFOPLIST_FILE = "Play&WorkTests/Info.plist";
				LD_RUNPATH_SEARCH_PATHS = "$(inherited) @executable_path/Frameworks @loader_path/Frameworks";
				PRODUCT_NAME = "$(TARGET_NAME)";
				TEST_HOST = "$(BUILT_PRODUCTS_DIR)/Play&Work.app/Play&Work";
			};
			name = Debug;
		};
		B4D63F311AA91A330048E3CC /* Release */ = {
			isa = XCBuildConfiguration;
			buildSettings = {
				BUNDLE_LOADER = "$(TEST_HOST)";
				FRAMEWORK_SEARCH_PATHS = (
					"$(SDKROOT)/Developer/Library/Frameworks",
					"$(inherited)",
				);
				INFOPLIST_FILE = "Play&WorkTests/Info.plist";
				LD_RUNPATH_SEARCH_PATHS = "$(inherited) @executable_path/Frameworks @loader_path/Frameworks";
				PRODUCT_NAME = "$(TARGET_NAME)";
				TEST_HOST = "$(BUILT_PRODUCTS_DIR)/Play&Work.app/Play&Work";
			};
			name = Release;
		};
/* End XCBuildConfiguration section */

/* Begin XCConfigurationList section */
		B4D63F081AA91A330048E3CC /* Build configuration list for PBXProject "Play&Work" */ = {
			isa = XCConfigurationList;
			buildConfigurations = (
				B4D63F2A1AA91A330048E3CC /* Debug */,
				B4D63F2B1AA91A330048E3CC /* Release */,
			);
			defaultConfigurationIsVisible = 0;
			defaultConfigurationName = Release;
		};
		B4D63F2C1AA91A330048E3CC /* Build configuration list for PBXNativeTarget "Play&Work" */ = {
			isa = XCConfigurationList;
			buildConfigurations = (
				B4D63F2D1AA91A330048E3CC /* Debug */,
				B4D63F2E1AA91A330048E3CC /* Release */,
			);
			defaultConfigurationIsVisible = 0;
		};
		B4D63F2F1AA91A330048E3CC /* Build configuration list for PBXNativeTarget "Play&WorkTests" */ = {
			isa = XCConfigurationList;
			buildConfigurations = (
				B4D63F301AA91A330048E3CC /* Debug */,
				B4D63F311AA91A330048E3CC /* Release */,
			);
			defaultConfigurationIsVisible = 0;
		};
/* End XCConfigurationList section */
	};
	rootObject = B4D63F051AA91A330048E3CC /* Project object */;
}
